
Microsoft Visual Studio Solution File, Format Version 11.00
# Visual Studio 2010
Project("{FAE04EC0-301F-11D3-BF4B-00C04F79EFBC}") = "TreasureTown", "TreasureTown\TreasureTown.csproj", "{5C18F7A5-D910-4F2A-89BF-3E3D39CDB260}"
EndProject
Global
	GlobalSection(SolutionConfigurationPlatforms) = preSolution
		Debug|x86 = Debug|x86
		Release|x86 = Release|x86
	EndGlobalSection
	GlobalSection(ProjectConfigurationPlatforms) = postSolution
		{5C18F7A5-D910-4F2A-89BF-3E3D39CDB260}.Debug|x86.ActiveCfg = Debug|x86
		{5C18F7A5-D910-4F2A-89BF-3E3D39CDB260}.Debug|x86.Build.0 = Debug|x86
		{5C18F7A5-D910-4F2A-89BF-3E3D39CDB260}.Release|x86.ActiveCfg = Release|x86
		{5C18F7A5-D910-4F2A-89BF-3E3D39CDB260}.Release|x86.Build.0 = Release|x86
	EndGlobalSection
	GlobalSection(MonoDevelopProperties) = preSolution
		StartupItem = TreasureTown\TreasureTown.csproj
	EndGlobalSection
EndGlobal
